// !$*UTF8*$!
{
	archiveVersion = 1;
	classes = {
	};
	objectVersion = 46;
	objects = {

/* Begin PBXBuildFile section */
		0A5B0C1F1C81CC1C00C54FA5 /* libz.dylib in Frameworks */ = {isa = PBXBuildFile; fileRef = 0A5B0C1E1C81CC1C00C54FA5 /* libz.dylib */; };
		0A5B0C211C81CC3300C54FA5 /* libsqlite3.dylib in Frameworks */ = {isa = PBXBuildFile; fileRef = 0A5B0C201C81CC3300C54FA5 /* libsqlite3.dylib */; };
		FA1AADB81C81B98000426B6E /* AppDelegate.swift in Sources */ = {isa = PBXBuildFile; fileRef = FA1AADB71C81B98000426B6E /* AppDelegate.swift */; };
		FA1AADBA1C81B98000426B6E /* FirstViewController.swift in Sources */ = {isa = PBXBuildFile; fileRef = FA1AADB91C81B98000426B6E /* FirstViewController.swift */; };
		FA1AADBC1C81B98000426B6E /* SecondViewController.swift in Sources */ = {isa = PBXBuildFile; fileRef = FA1AADBB1C81B98000426B6E /* SecondViewController.swift */; };
		FA1AADBF1C81B98000426B6E /* Main.storyboard in Resources */ = {isa = PBXBuildFile; fileRef = FA1AADBD1C81B98000426B6E /* Main.storyboard */; };
		FA1AADC11C81B98000426B6E /* Assets.xcassets in Resources */ = {isa = PBXBuildFile; fileRef = FA1AADC01C81B98000426B6E /* Assets.xcassets */; };
		FA1AADC41C81B98000426B6E /* LaunchScreen.storyboard in Resources */ = {isa = PBXBuildFile; fileRef = FA1AADC21C81B98000426B6E /* LaunchScreen.storyboard */; };
		FA1AADCF1C81B98000426B6E /* p_ngTests.swift in Sources */ = {isa = PBXBuildFile; fileRef = FA1AADCE1C81B98000426B6E /* p_ngTests.swift */; };
		FA1AADDA1C81B98000426B6E /* p_ngUITests.swift in Sources */ = {isa = PBXBuildFile; fileRef = FA1AADD91C81B98000426B6E /* p_ngUITests.swift */; };
		FA1AADE81C81B9C100426B6E /* DataManager.swift in Sources */ = {isa = PBXBuildFile; fileRef = FA1AADE71C81B9C100426B6E /* DataManager.swift */; };
		FA1AADEB1C81C3EB00426B6E /* Bolts.framework in Frameworks */ = {isa = PBXBuildFile; fileRef = FA1AADE91C81C3EB00426B6E /* Bolts.framework */; };
		FA1AADEC1C81C3EB00426B6E /* Parse.framework in Frameworks */ = {isa = PBXBuildFile; fileRef = FA1AADEA1C81C3EB00426B6E /* Parse.framework */; };
		FA1AADEF1C81C43900426B6E /* AudioToolbox.framework in Frameworks */ = {isa = PBXBuildFile; fileRef = FA1AADEE1C81C43900426B6E /* AudioToolbox.framework */; };
		FA1AADF11C81C44600426B6E /* CoreGraphics.framework in Frameworks */ = {isa = PBXBuildFile; fileRef = FA1AADF01C81C44600426B6E /* CoreGraphics.framework */; };
		FA1AADF51C81C47F00426B6E /* CFNetwork.framework in Frameworks */ = {isa = PBXBuildFile; fileRef = FA1AADF41C81C47F00426B6E /* CFNetwork.framework */; };
		FA1AADF71C81C48800426B6E /* CoreLocation.framework in Frameworks */ = {isa = PBXBuildFile; fileRef = FA1AADF61C81C48800426B6E /* CoreLocation.framework */; };
		FA1AADF91C81C48F00426B6E /* QuartzCore.framework in Frameworks */ = {isa = PBXBuildFile; fileRef = FA1AADF81C81C48F00426B6E /* QuartzCore.framework */; };
		FA1AADFB1C81C49500426B6E /* Security.framework in Frameworks */ = {isa = PBXBuildFile; fileRef = FA1AADFA1C81C49500426B6E /* Security.framework */; };
		FA1AADFD1C81C49C00426B6E /* StoreKit.framework in Frameworks */ = {isa = PBXBuildFile; fileRef = FA1AADFC1C81C49C00426B6E /* StoreKit.framework */; };
		FA1AADFF1C81C4A400426B6E /* SystemConfiguration.framework in Frameworks */ = {isa = PBXBuildFile; fileRef = FA1AADFE1C81C4A400426B6E /* SystemConfiguration.framework */; };
/* End PBXBuildFile section */

/* Begin PBXContainerItemProxy section */
		FA1AADCB1C81B98000426B6E /* PBXContainerItemProxy */ = {
			isa = PBXContainerItemProxy;
			containerPortal = FA1AADAC1C81B98000426B6E /* Project object */;
			proxyType = 1;
			remoteGlobalIDString = FA1AADB31C81B98000426B6E;
			remoteInfo = "p!ng";
		};
		FA1AADD61C81B98000426B6E /* PBXContainerItemProxy */ = {
			isa = PBXContainerItemProxy;
			containerPortal = FA1AADAC1C81B98000426B6E /* Project object */;
			proxyType = 1;
			remoteGlobalIDString = FA1AADB31C81B98000426B6E;
			remoteInfo = "p!ng";
		};
/* End PBXContainerItemProxy section */

/* Begin PBXFileReference section */
		0A5B0C1E1C81CC1C00C54FA5 /* libz.dylib */ = {isa = PBXFileReference; lastKnownFileType = "compiled.mach-o.dylib"; name = libz.dylib; path = usr/lib/libz.dylib; sourceTree = SDKROOT; };
		0A5B0C201C81CC3300C54FA5 /* libsqlite3.dylib */ = {isa = PBXFileReference; lastKnownFileType = "compiled.mach-o.dylib"; name = libsqlite3.dylib; path = usr/lib/libsqlite3.dylib; sourceTree = SDKROOT; };
		FA1AADB41C81B98000426B6E /* p!ng.app */ = {isa = PBXFileReference; explicitFileType = wrapper.application; includeInIndex = 0; path = "p!ng.app"; sourceTree = BUILT_PRODUCTS_DIR; };
		FA1AADB71C81B98000426B6E /* AppDelegate.swift */ = {isa = PBXFileReference; lastKnownFileType = sourcecode.swift; path = AppDelegate.swift; sourceTree = "<group>"; };
		FA1AADB91C81B98000426B6E /* FirstViewController.swift */ = {isa = PBXFileReference; lastKnownFileType = sourcecode.swift; path = FirstViewController.swift; sourceTree = "<group>"; };
		FA1AADBB1C81B98000426B6E /* SecondViewController.swift */ = {isa = PBXFileReference; lastKnownFileType = sourcecode.swift; path = SecondViewController.swift; sourceTree = "<group>"; };
		FA1AADBE1C81B98000426B6E /* Base */ = {isa = PBXFileReference; lastKnownFileType = file.storyboard; name = Base; path = Base.lproj/Main.storyboard; sourceTree = "<group>"; };
		FA1AADC01C81B98000426B6E /* Assets.xcassets */ = {isa = PBXFileReference; lastKnownFileType = folder.assetcatalog; path = Assets.xcassets; sourceTree = "<group>"; };
		FA1AADC31C81B98000426B6E /* Base */ = {isa = PBXFileReference; lastKnownFileType = file.storyboard; name = Base; path = Base.lproj/LaunchScreen.storyboard; sourceTree = "<group>"; };
		FA1AADC51C81B98000426B6E /* Info.plist */ = {isa = PBXFileReference; lastKnownFileType = text.plist.xml; path = Info.plist; sourceTree = "<group>"; };
		FA1AADCA1C81B98000426B6E /* p!ngTests.xctest */ = {isa = PBXFileReference; explicitFileType = wrapper.cfbundle; includeInIndex = 0; path = "p!ngTests.xctest"; sourceTree = BUILT_PRODUCTS_DIR; };
		FA1AADCE1C81B98000426B6E /* p_ngTests.swift */ = {isa = PBXFileReference; lastKnownFileType = sourcecode.swift; path = p_ngTests.swift; sourceTree = "<group>"; };
		FA1AADD01C81B98000426B6E /* Info.plist */ = {isa = PBXFileReference; lastKnownFileType = text.plist.xml; path = Info.plist; sourceTree = "<group>"; };
		FA1AADD51C81B98000426B6E /* p!ngUITests.xctest */ = {isa = PBXFileReference; explicitFileType = wrapper.cfbundle; includeInIndex = 0; path = "p!ngUITests.xctest"; sourceTree = BUILT_PRODUCTS_DIR; };
		FA1AADD91C81B98000426B6E /* p_ngUITests.swift */ = {isa = PBXFileReference; lastKnownFileType = sourcecode.swift; path = p_ngUITests.swift; sourceTree = "<group>"; };
		FA1AADDB1C81B98000426B6E /* Info.plist */ = {isa = PBXFileReference; lastKnownFileType = text.plist.xml; path = Info.plist; sourceTree = "<group>"; };
		FA1AADE71C81B9C100426B6E /* DataManager.swift */ = {isa = PBXFileReference; explicitFileType = sourcecode.swift; fileEncoding = 4; path = DataManager.swift; sourceTree = "<group>"; };
		FA1AADE91C81C3EB00426B6E /* Bolts.framework */ = {isa = PBXFileReference; lastKnownFileType = wrapper.framework; path = Bolts.framework; sourceTree = "<group>"; };
		FA1AADEA1C81C3EB00426B6E /* Parse.framework */ = {isa = PBXFileReference; lastKnownFileType = wrapper.framework; path = Parse.framework; sourceTree = "<group>"; };
		FA1AADEE1C81C43900426B6E /* AudioToolbox.framework */ = {isa = PBXFileReference; lastKnownFileType = wrapper.framework; name = AudioToolbox.framework; path = System/Library/Frameworks/AudioToolbox.framework; sourceTree = SDKROOT; };
		FA1AADF01C81C44600426B6E /* CoreGraphics.framework */ = {isa = PBXFileReference; lastKnownFileType = wrapper.framework; name = CoreGraphics.framework; path = System/Library/Frameworks/CoreGraphics.framework; sourceTree = SDKROOT; };
		FA1AADF21C81C47300426B6E /* libsqlite3.tbd */ = {isa = PBXFileReference; lastKnownFileType = "sourcecode.text-based-dylib-definition"; name = libsqlite3.tbd; path = usr/lib/libsqlite3.tbd; sourceTree = SDKROOT; };
		FA1AADF41C81C47F00426B6E /* CFNetwork.framework */ = {isa = PBXFileReference; lastKnownFileType = wrapper.framework; name = CFNetwork.framework; path = System/Library/Frameworks/CFNetwork.framework; sourceTree = SDKROOT; };
		FA1AADF61C81C48800426B6E /* CoreLocation.framework */ = {isa = PBXFileReference; lastKnownFileType = wrapper.framework; name = CoreLocation.framework; path = System/Library/Frameworks/CoreLocation.framework; sourceTree = SDKROOT; };
		FA1AADF81C81C48F00426B6E /* QuartzCore.framework */ = {isa = PBXFileReference; lastKnownFileType = wrapper.framework; name = QuartzCore.framework; path = System/Library/Frameworks/QuartzCore.framework; sourceTree = SDKROOT; };
		FA1AADFA1C81C49500426B6E /* Security.framework */ = {isa = PBXFileReference; lastKnownFileType = wrapper.framework; name = Security.framework; path = System/Library/Frameworks/Security.framework; sourceTree = SDKROOT; };
		FA1AADFC1C81C49C00426B6E /* StoreKit.framework */ = {isa = PBXFileReference; lastKnownFileType = wrapper.framework; name = StoreKit.framework; path = System/Library/Frameworks/StoreKit.framework; sourceTree = SDKROOT; };
		FA1AADFE1C81C4A400426B6E /* SystemConfiguration.framework */ = {isa = PBXFileReference; lastKnownFileType = wrapper.framework; name = SystemConfiguration.framework; path = System/Library/Frameworks/SystemConfiguration.framework; sourceTree = SDKROOT; };
		FA1AAE001C81C4AA00426B6E /* libz.tbd */ = {isa = PBXFileReference; lastKnownFileType = "sourcecode.text-based-dylib-definition"; name = libz.tbd; path = usr/lib/libz.tbd; sourceTree = SDKROOT; };
/* End PBXFileReference section */

/* Begin PBXFrameworksBuildPhase section */
		FA1AADB11C81B98000426B6E /* Frameworks */ = {
			isa = PBXFrameworksBuildPhase;
			buildActionMask = 2147483647;
			files = (
				0A5B0C211C81CC3300C54FA5 /* libsqlite3.dylib in Frameworks */,
				0A5B0C1F1C81CC1C00C54FA5 /* libz.dylib in Frameworks */,
				FA1AADFF1C81C4A400426B6E /* SystemConfiguration.framework in Frameworks */,
				FA1AADFD1C81C49C00426B6E /* StoreKit.framework in Frameworks */,
				FA1AADFB1C81C49500426B6E /* Security.framework in Frameworks */,
				FA1AADF71C81C48800426B6E /* CoreLocation.framework in Frameworks */,
				FA1AADF91C81C48F00426B6E /* QuartzCore.framework in Frameworks */,
				FA1AADF51C81C47F00426B6E /* CFNetwork.framework in Frameworks */,
				FA1AADF11C81C44600426B6E /* CoreGraphics.framework in Frameworks */,
				FA1AADEF1C81C43900426B6E /* AudioToolbox.framework in Frameworks */,
				FA1AADEC1C81C3EB00426B6E /* Parse.framework in Frameworks */,
				FA1AADEB1C81C3EB00426B6E /* Bolts.framework in Frameworks */,
			);
			runOnlyForDeploymentPostprocessing = 0;
		};
		FA1AADC71C81B98000426B6E /* Frameworks */ = {
			isa = PBXFrameworksBuildPhase;
			buildActionMask = 2147483647;
			files = (
			);
			runOnlyForDeploymentPostprocessing = 0;
		};
		FA1AADD21C81B98000426B6E /* Frameworks */ = {
			isa = PBXFrameworksBuildPhase;
			buildActionMask = 2147483647;
			files = (
			);
			runOnlyForDeploymentPostprocessing = 0;
		};
/* End PBXFrameworksBuildPhase section */

/* Begin PBXGroup section */
		FA1AADAB1C81B98000426B6E = {
			isa = PBXGroup;
			children = (
				FA1AADB61C81B98000426B6E /* p!ng */,
				FA1AADCD1C81B98000426B6E /* p!ngTests */,
				FA1AADD81C81B98000426B6E /* p!ngUITests */,
				FA1AADB51C81B98000426B6E /* Products */,
				FA1AADED1C81C40000426B6E /* Frameworks */,
			);
			sourceTree = "<group>";
		};
		FA1AADB51C81B98000426B6E /* Products */ = {
			isa = PBXGroup;
			children = (
				FA1AADB41C81B98000426B6E /* p!ng.app */,
				FA1AADCA1C81B98000426B6E /* p!ngTests.xctest */,
				FA1AADD51C81B98000426B6E /* p!ngUITests.xctest */,
			);
			name = Products;
			sourceTree = "<group>";
		};
		FA1AADB61C81B98000426B6E /* p!ng */ = {
			isa = PBXGroup;
			children = (
				FA1AADB71C81B98000426B6E /* AppDelegate.swift */,
				FA1AADB91C81B98000426B6E /* FirstViewController.swift */,
				FA1AADBB1C81B98000426B6E /* SecondViewController.swift */,
				FA1AADBD1C81B98000426B6E /* Main.storyboard */,
				FA1AADC01C81B98000426B6E /* Assets.xcassets */,
				FA1AADC21C81B98000426B6E /* LaunchScreen.storyboard */,
				FA1AADC51C81B98000426B6E /* Info.plist */,
				FA1AADE71C81B9C100426B6E /* DataManager.swift */,
			);
			path = "p!ng";
			sourceTree = "<group>";
		};
		FA1AADCD1C81B98000426B6E /* p!ngTests */ = {
			isa = PBXGroup;
			children = (
				FA1AADCE1C81B98000426B6E /* p_ngTests.swift */,
				FA1AADD01C81B98000426B6E /* Info.plist */,
			);
			path = "p!ngTests";
			sourceTree = "<group>";
		};
		FA1AADD81C81B98000426B6E /* p!ngUITests */ = {
			isa = PBXGroup;
			children = (
				FA1AADD91C81B98000426B6E /* p_ngUITests.swift */,
				FA1AADDB1C81B98000426B6E /* Info.plist */,
			);
			path = "p!ngUITests";
			sourceTree = "<group>";
		};
		FA1AADED1C81C40000426B6E /* Frameworks */ = {
			isa = PBXGroup;
			children = (
				0A5B0C201C81CC3300C54FA5 /* libsqlite3.dylib */,
				0A5B0C1E1C81CC1C00C54FA5 /* libz.dylib */,
				FA1AAE001C81C4AA00426B6E /* libz.tbd */,
				FA1AADFE1C81C4A400426B6E /* SystemConfiguration.framework */,
				FA1AADFC1C81C49C00426B6E /* StoreKit.framework */,
				FA1AADFA1C81C49500426B6E /* Security.framework */,
				FA1AADF81C81C48F00426B6E /* QuartzCore.framework */,
				FA1AADF61C81C48800426B6E /* CoreLocation.framework */,
				FA1AADF41C81C47F00426B6E /* CFNetwork.framework */,
				FA1AADF21C81C47300426B6E /* libsqlite3.tbd */,
				FA1AADF01C81C44600426B6E /* CoreGraphics.framework */,
				FA1AADEE1C81C43900426B6E /* AudioToolbox.framework */,
				FA1AADE91C81C3EB00426B6E /* Bolts.framework */,
				FA1AADEA1C81C3EB00426B6E /* Parse.framework */,
			);
			name = Frameworks;
			sourceTree = "<group>";
		};
/* End PBXGroup section */

/* Begin PBXNativeTarget section */
		FA1AADB31C81B98000426B6E /* p!ng */ = {
			isa = PBXNativeTarget;
			buildConfigurationList = FA1AADDE1C81B98000426B6E /* Build configuration list for PBXNativeTarget "p!ng" */;
			buildPhases = (
				FA1AADB01C81B98000426B6E /* Sources */,
				FA1AADB11C81B98000426B6E /* Frameworks */,
				FA1AADB21C81B98000426B6E /* Resources */,
			);
			buildRules = (
			);
			dependencies = (
			);
			name = "p!ng";
			productName = "p!ng";
			productReference = FA1AADB41C81B98000426B6E /* p!ng.app */;
			productType = "com.apple.product-type.application";
		};
		FA1AADC91C81B98000426B6E /* p!ngTests */ = {
			isa = PBXNativeTarget;
			buildConfigurationList = FA1AADE11C81B98000426B6E /* Build configuration list for PBXNativeTarget "p!ngTests" */;
			buildPhases = (
				FA1AADC61C81B98000426B6E /* Sources */,
				FA1AADC71C81B98000426B6E /* Frameworks */,
				FA1AADC81C81B98000426B6E /* Resources */,
			);
			buildRules = (
			);
			dependencies = (
				FA1AADCC1C81B98000426B6E /* PBXTargetDependency */,
			);
			name = "p!ngTests";
			productName = "p!ngTests";
			productReference = FA1AADCA1C81B98000426B6E /* p!ngTests.xctest */;
			productType = "com.apple.product-type.bundle.unit-test";
		};
		FA1AADD41C81B98000426B6E /* p!ngUITests */ = {
			isa = PBXNativeTarget;
			buildConfigurationList = FA1AADE41C81B98000426B6E /* Build configuration list for PBXNativeTarget "p!ngUITests" */;
			buildPhases = (
				FA1AADD11C81B98000426B6E /* Sources */,
				FA1AADD21C81B98000426B6E /* Frameworks */,
				FA1AADD31C81B98000426B6E /* Resources */,
			);
			buildRules = (
			);
			dependencies = (
				FA1AADD71C81B98000426B6E /* PBXTargetDependency */,
			);
			name = "p!ngUITests";
			productName = "p!ngUITests";
			productReference = FA1AADD51C81B98000426B6E /* p!ngUITests.xctest */;
			productType = "com.apple.product-type.bundle.ui-testing";
		};
/* End PBXNativeTarget section */

/* Begin PBXProject section */
		FA1AADAC1C81B98000426B6E /* Project object */ = {
			isa = PBXProject;
			attributes = {
				LastSwiftUpdateCheck = 0720;
				LastUpgradeCheck = 0720;
				ORGANIZATIONNAME = yakk;
				TargetAttributes = {
					FA1AADB31C81B98000426B6E = {
						CreatedOnToolsVersion = 7.2.1;
						DevelopmentTeam = K55L8FQZP5;
					};
					FA1AADC91C81B98000426B6E = {
						CreatedOnToolsVersion = 7.2.1;
						DevelopmentTeam = K55L8FQZP5;
						TestTargetID = FA1AADB31C81B98000426B6E;
					};
					FA1AADD41C81B98000426B6E = {
						CreatedOnToolsVersion = 7.2.1;
						DevelopmentTeam = K55L8FQZP5;
						TestTargetID = FA1AADB31C81B98000426B6E;
					};
				};
			};
			buildConfigurationList = FA1AADAF1C81B98000426B6E /* Build configuration list for PBXProject "p!ng" */;
			compatibilityVersion = "Xcode 3.2";
			developmentRegion = English;
			hasScannedForEncodings = 0;
			knownRegions = (
				en,
				Base,
			);
			mainGroup = FA1AADAB1C81B98000426B6E;
			productRefGroup = FA1AADB51C81B98000426B6E /* Products */;
			projectDirPath = "";
			projectRoot = "";
			targets = (
				FA1AADB31C81B98000426B6E /* p!ng */,
				FA1AADC91C81B98000426B6E /* p!ngTests */,
				FA1AADD41C81B98000426B6E /* p!ngUITests */,
			);
		};
/* End PBXProject section */

/* Begin PBXResourcesBuildPhase section */
		FA1AADB21C81B98000426B6E /* Resources */ = {
			isa = PBXResourcesBuildPhase;
			buildActionMask = 2147483647;
			files = (
				FA1AADC41C81B98000426B6E /* LaunchScreen.storyboard in Resources */,
				FA1AADC11C81B98000426B6E /* Assets.xcassets in Resources */,
				FA1AADBF1C81B98000426B6E /* Main.storyboard in Resources */,
			);
			runOnlyForDeploymentPostprocessing = 0;
		};
		FA1AADC81C81B98000426B6E /* Resources */ = {
			isa = PBXResourcesBuildPhase;
			buildActionMask = 2147483647;
			files = (
			);
			runOnlyForDeploymentPostprocessing = 0;
		};
		FA1AADD31C81B98000426B6E /* Resources */ = {
			isa = PBXResourcesBuildPhase;
			buildActionMask = 2147483647;
			files = (
			);
			runOnlyForDeploymentPostprocessing = 0;
		};
/* End PBXResourcesBuildPhase section */

/* Begin PBXSourcesBuildPhase section */
		FA1AADB01C81B98000426B6E /* Sources */ = {
			isa = PBXSourcesBuildPhase;
			buildActionMask = 2147483647;
			files = (
				FA1AADBC1C81B98000426B6E /* SecondViewController.swift in Sources */,
				FA1AADE81C81B9C100426B6E /* DataManager.swift in Sources */,
				FA1AADB81C81B98000426B6E /* AppDelegate.swift in Sources */,
				FA1AADBA1C81B98000426B6E /* FirstViewController.swift in Sources */,
			);
			runOnlyForDeploymentPostprocessing = 0;
		};
		FA1AADC61C81B98000426B6E /* Sources */ = {
			isa = PBXSourcesBuildPhase;
			buildActionMask = 2147483647;
			files = (
				FA1AADCF1C81B98000426B6E /* p_ngTests.swift in Sources */,
			);
			runOnlyForDeploymentPostprocessing = 0;
		};
		FA1AADD11C81B98000426B6E /* Sources */ = {
			isa = PBXSourcesBuildPhase;
			buildActionMask = 2147483647;
			files = (
				FA1AADDA1C81B98000426B6E /* p_ngUITests.swift in Sources */,
			);
			runOnlyForDeploymentPostprocessing = 0;
		};
/* End PBXSourcesBuildPhase section */

/* Begin PBXTargetDependency section */
		FA1AADCC1C81B98000426B6E /* PBXTargetDependency */ = {
			isa = PBXTargetDependency;
			target = FA1AADB31C81B98000426B6E /* p!ng */;
			targetProxy = FA1AADCB1C81B98000426B6E /* PBXContainerItemProxy */;
		};
		FA1AADD71C81B98000426B6E /* PBXTargetDependency */ = {
			isa = PBXTargetDependency;
			target = FA1AADB31C81B98000426B6E /* p!ng */;
			targetProxy = FA1AADD61C81B98000426B6E /* PBXContainerItemProxy */;
		};
/* End PBXTargetDependency section */

/* Begin PBXVariantGroup section */
		FA1AADBD1C81B98000426B6E /* Main.storyboard */ = {
			isa = PBXVariantGroup;
			children = (
				FA1AADBE1C81B98000426B6E /* Base */,
			);
			name = Main.storyboard;
			sourceTree = "<group>";
		};
		FA1AADC21C81B98000426B6E /* LaunchScreen.storyboard */ = {
			isa = PBXVariantGroup;
			children = (
				FA1AADC31C81B98000426B6E /* Base */,
			);
			name = LaunchScreen.storyboard;
			sourceTree = "<group>";
		};
/* End PBXVariantGroup section */

/* Begin XCBuildConfiguration section */
		FA1AADDC1C81B98000426B6E /* Debug */ = {
			isa = XCBuildConfiguration;
			buildSettings = {
				ALWAYS_SEARCH_USER_PATHS = NO;
				CLANG_CXX_LANGUAGE_STANDARD = "gnu++0x";
				CLANG_CXX_LIBRARY = "libc++";
				CLANG_ENABLE_MODULES = YES;
				CLANG_ENABLE_OBJC_ARC = YES;
				CLANG_WARN_BOOL_CONVERSION = YES;
				CLANG_WARN_CONSTANT_CONVERSION = YES;
				CLANG_WARN_DIRECT_OBJC_ISA_USAGE = YES_ERROR;
				CLANG_WARN_EMPTY_BODY = YES;
				CLANG_WARN_ENUM_CONVERSION = YES;
				CLANG_WARN_INT_CONVERSION = YES;
				CLANG_WARN_OBJC_ROOT_CLASS = YES_ERROR;
				CLANG_WARN_UNREACHABLE_CODE = YES;
				CLANG_WARN__DUPLICATE_METHOD_MATCH = YES;
				"CODE_SIGN_IDENTITY[sdk=iphoneos*]" = "iPhone Developer";
				COPY_PHASE_STRIP = NO;
				DEBUG_INFORMATION_FORMAT = dwarf;
				ENABLE_STRICT_OBJC_MSGSEND = YES;
				ENABLE_TESTABILITY = YES;
				GCC_C_LANGUAGE_STANDARD = gnu99;
				GCC_DYNAMIC_NO_PIC = NO;
				GCC_NO_COMMON_BLOCKS = YES;
				GCC_OPTIMIZATION_LEVEL = 0;
				GCC_PREPROCESSOR_DEFINITIONS = (
					"DEBUG=1",
					"$(inherited)",
				);
				GCC_WARN_64_TO_32_BIT_CONVERSION = YES;
				GCC_WARN_ABOUT_RETURN_TYPE = YES_ERROR;
				GCC_WARN_UNDECLARED_SELECTOR = YES;
				GCC_WARN_UNINITIALIZED_AUTOS = YES_AGGRESSIVE;
				GCC_WARN_UNUSED_FUNCTION = YES;
				GCC_WARN_UNUSED_VARIABLE = YES;
				IPHONEOS_DEPLOYMENT_TARGET = 9.2;
				MTL_ENABLE_DEBUG_INFO = YES;
				ONLY_ACTIVE_ARCH = YES;
				SDKROOT = iphoneos;
				SWIFT_OPTIMIZATION_LEVEL = "-Onone";
			};
			name = Debug;
		};
		FA1AADDD1C81B98000426B6E /* Release */ = {
			isa = XCBuildConfiguration;
			buildSettings = {
				ALWAYS_SEARCH_USER_PATHS = NO;
				CLANG_CXX_LANGUAGE_STANDARD = "gnu++0x";
				CLANG_CXX_LIBRARY = "libc++";
				CLANG_ENABLE_MODULES = YES;
				CLANG_ENABLE_OBJC_ARC = YES;
				CLANG_WARN_BOOL_CONVERSION = YES;
				CLANG_WARN_CONSTANT_CONVERSION = YES;
				CLANG_WARN_DIRECT_OBJC_ISA_USAGE = YES_ERROR;
				CLANG_WARN_EMPTY_BODY = YES;
				CLANG_WARN_ENUM_CONVERSION = YES;
				CLANG_WARN_INT_CONVERSION = YES;
				CLANG_WARN_OBJC_ROOT_CLASS = YES_ERROR;
				CLANG_WARN_UNREACHABLE_CODE = YES;
				CLANG_WARN__DUPLICATE_METHOD_MATCH = YES;
				"CODE_SIGN_IDENTITY[sdk=iphoneos*]" = "iPhone Developer";
				COPY_PHASE_STRIP = NO;
				DEBUG_INFORMATION_FORMAT = "dwarf-with-dsym";
				ENABLE_NS_ASSERTIONS = NO;
				ENABLE_STRICT_OBJC_MSGSEND = YES;
				GCC_C_LANGUAGE_STANDARD = gnu99;
				GCC_NO_COMMON_BLOCKS = YES;
				GCC_WARN_64_TO_32_BIT_CONVERSION = YES;
				GCC_WARN_ABOUT_RETURN_TYPE = YES_ERROR;
				GCC_WARN_UNDECLARED_SELECTOR = YES;
				GCC_WARN_UNINITIALIZED_AUTOS = YES_AGGRESSIVE;
				GCC_WARN_UNUSED_FUNCTION = YES;
				GCC_WARN_UNUSED_VARIABLE = YES;
				IPHONEOS_DEPLOYMENT_TARGET = 9.2;
				MTL_ENABLE_DEBUG_INFO = NO;
				SDKROOT = iphoneos;
				VALIDATE_PRODUCT = YES;
			};
			name = Release;
		};
		FA1AADDF1C81B98000426B6E /* Debug */ = {
			isa = XCBuildConfiguration;
			buildSettings = {
				ASSETCATALOG_COMPILER_APPICON_NAME = AppIcon;
				CODE_SIGN_IDENTITY = "iPhone Developer";
				FRAMEWORK_SEARCH_PATHS = (
					"$(inherited)",
					"$(PROJECT_DIR)",
				);
				INFOPLIST_FILE = "p!ng/Info.plist";
				LD_RUNPATH_SEARCH_PATHS = "$(inherited) @executable_path/Frameworks";
				PRODUCT_BUNDLE_IDENTIFIER = "yakk.p-ng";
				PRODUCT_NAME = "$(TARGET_NAME)";
			};
			name = Debug;
		};
		FA1AADE01C81B98000426B6E /* Release */ = {
			isa = XCBuildConfiguration;
			buildSettings = {
				ASSETCATALOG_COMPILER_APPICON_NAME = AppIcon;
				CODE_SIGN_IDENTITY = "iPhone Developer";
				FRAMEWORK_SEARCH_PATHS = (
					"$(inherited)",
					"$(PROJECT_DIR)",
				);
				INFOPLIST_FILE = "p!ng/Info.plist";
				LD_RUNPATH_SEARCH_PATHS = "$(inherited) @executable_path/Frameworks";
				PRODUCT_BUNDLE_IDENTIFIER = "yakk.p-ng";
				PRODUCT_NAME = "$(TARGET_NAME)";
			};
			name = Release;
		};
		FA1AADE21C81B98000426B6E /* Debug */ = {
			isa = XCBuildConfiguration;
			buildSettings = {
				BUNDLE_LOADER = "$(TEST_HOST)";
				INFOPLIST_FILE = "p!ngTests/Info.plist";
				LD_RUNPATH_SEARCH_PATHS = "$(inherited) @executable_path/Frameworks @loader_path/Frameworks";
				PRODUCT_BUNDLE_IDENTIFIER = "yakk.p-ngTests";
				PRODUCT_NAME = "$(TARGET_NAME)";
				TEST_HOST = "$(BUILT_PRODUCTS_DIR)/p!ng.app/p!ng";
			};
			name = Debug;
		};
		FA1AADE31C81B98000426B6E /* Release */ = {
			isa = XCBuildConfiguration;
			buildSettings = {
				BUNDLE_LOADER = "$(TEST_HOST)";
				INFOPLIST_FILE = "p!ngTests/Info.plist";
				LD_RUNPATH_SEARCH_PATHS = "$(inherited) @executable_path/Frameworks @loader_path/Frameworks";
				PRODUCT_BUNDLE_IDENTIFIER = "yakk.p-ngTests";
				PRODUCT_NAME = "$(TARGET_NAME)";
				TEST_HOST = "$(BUILT_PRODUCTS_DIR)/p!ng.app/p!ng";
			};
			name = Release;
		};
		FA1AADE51C81B98000426B6E /* Debug */ = {
			isa = XCBuildConfiguration;
			buildSettings = {
				INFOPLIST_FILE = "p!ngUITests/Info.plist";
				LD_RUNPATH_SEARCH_PATHS = "$(inherited) @executable_path/Frameworks @loader_path/Frameworks";
				PRODUCT_BUNDLE_IDENTIFIER = "yakk.p-ngUITests";
				PRODUCT_NAME = "$(TARGET_NAME)";
				TEST_TARGET_NAME = "p!ng";
				USES_XCTRUNNER = YES;
			};
			name = Debug;
		};
		FA1AADE61C81B98000426B6E /* Release */ = {
			isa = XCBuildConfiguration;
			buildSettings = {
				INFOPLIST_FILE = "p!ngUITests/Info.plist";
				LD_RUNPATH_SEARCH_PATHS = "$(inherited) @executable_path/Frameworks @loader_path/Frameworks";
				PRODUCT_BUNDLE_IDENTIFIER = "yakk.p-ngUITests";
				PRODUCT_NAME = "$(TARGET_NAME)";
				TEST_TARGET_NAME = "p!ng";
				USES_XCTRUNNER = YES;
			};
			name = Release;
		};
/* End XCBuildConfiguration section */

/* Begin XCConfigurationList section */
		FA1AADAF1C81B98000426B6E /* Build configuration list for PBXProject "p!ng" */ = {
			isa = XCConfigurationList;
			buildConfigurations = (
				FA1AADDC1C81B98000426B6E /* Debug */,
				FA1AADDD1C81B98000426B6E /* Release */,
			);
			defaultConfigurationIsVisible = 0;
			defaultConfigurationName = Release;
		};
		FA1AADDE1C81B98000426B6E /* Build configuration list for PBXNativeTarget "p!ng" */ = {
			isa = XCConfigurationList;
			buildConfigurations = (
				FA1AADDF1C81B98000426B6E /* Debug */,
				FA1AADE01C81B98000426B6E /* Release */,
			);
			defaultConfigurationIsVisible = 0;
			defaultConfigurationName = Release;
		};
		FA1AADE11C81B98000426B6E /* Build configuration list for PBXNativeTarget "p!ngTests" */ = {
			isa = XCConfigurationList;
			buildConfigurations = (
				FA1AADE21C81B98000426B6E /* Debug */,
				FA1AADE31C81B98000426B6E /* Release */,
			);
			defaultConfigurationIsVisible = 0;
			defaultConfigurationName = Release;
		};
		FA1AADE41C81B98000426B6E /* Build configuration list for PBXNativeTarget "p!ngUITests" */ = {
			isa = XCConfigurationList;
			buildConfigurations = (
				FA1AADE51C81B98000426B6E /* Debug */,
				FA1AADE61C81B98000426B6E /* Release */,
			);
			defaultConfigurationIsVisible = 0;
			defaultConfigurationName = Release;
		};
/* End XCConfigurationList section */
	};
	rootObject = FA1AADAC1C81B98000426B6E /* Project object */;
}
