// !$*UTF8*$!
{
	archiveVersion = 1;
	classes = {
	};
	objectVersion = 46;
	objects = {

/* Begin PBXBuildFile section */
		179B0A3A1C82BFAF00697494 /* HomeViewController.swift in Sources */ = {isa = PBXBuildFile; fileRef = 179B0A391C82BFAF00697494 /* HomeViewController.swift */; };
		179B0A3C1C82BFCE00697494 /* SendViewController.swift in Sources */ = {isa = PBXBuildFile; fileRef = 179B0A3B1C82BFCE00697494 /* SendViewController.swift */; };
		17A797AD1C82C0E6008FE2B1 /* Lato-Black.ttf in Resources */ = {isa = PBXBuildFile; fileRef = 17A7979B1C82C0E6008FE2B1 /* Lato-Black.ttf */; };
		17A797AE1C82C0E6008FE2B1 /* Lato-BlackItalic.ttf in Resources */ = {isa = PBXBuildFile; fileRef = 17A7979C1C82C0E6008FE2B1 /* Lato-BlackItalic.ttf */; };
		17A797AF1C82C0E6008FE2B1 /* Lato-Bold.ttf in Resources */ = {isa = PBXBuildFile; fileRef = 17A7979D1C82C0E6008FE2B1 /* Lato-Bold.ttf */; };
		17A797B01C82C0E6008FE2B1 /* Lato-BoldItalic.ttf in Resources */ = {isa = PBXBuildFile; fileRef = 17A7979E1C82C0E6008FE2B1 /* Lato-BoldItalic.ttf */; };
		17A797B11C82C0E6008FE2B1 /* Lato-Hairline.ttf in Resources */ = {isa = PBXBuildFile; fileRef = 17A7979F1C82C0E6008FE2B1 /* Lato-Hairline.ttf */; };
		17A797B21C82C0E6008FE2B1 /* Lato-HairlineItalic.ttf in Resources */ = {isa = PBXBuildFile; fileRef = 17A797A01C82C0E6008FE2B1 /* Lato-HairlineItalic.ttf */; };
		17A797B31C82C0E6008FE2B1 /* Lato-Heavy.ttf in Resources */ = {isa = PBXBuildFile; fileRef = 17A797A11C82C0E6008FE2B1 /* Lato-Heavy.ttf */; };
		17A797B41C82C0E6008FE2B1 /* Lato-HeavyItalic.ttf in Resources */ = {isa = PBXBuildFile; fileRef = 17A797A21C82C0E6008FE2B1 /* Lato-HeavyItalic.ttf */; };
		17A797B51C82C0E6008FE2B1 /* Lato-Italic.ttf in Resources */ = {isa = PBXBuildFile; fileRef = 17A797A31C82C0E6008FE2B1 /* Lato-Italic.ttf */; };
		17A797B61C82C0E6008FE2B1 /* Lato-Light.ttf in Resources */ = {isa = PBXBuildFile; fileRef = 17A797A41C82C0E6008FE2B1 /* Lato-Light.ttf */; };
		17A797B71C82C0E6008FE2B1 /* Lato-LightItalic.ttf in Resources */ = {isa = PBXBuildFile; fileRef = 17A797A51C82C0E6008FE2B1 /* Lato-LightItalic.ttf */; };
		17A797B81C82C0E6008FE2B1 /* Lato-Medium.ttf in Resources */ = {isa = PBXBuildFile; fileRef = 17A797A61C82C0E6008FE2B1 /* Lato-Medium.ttf */; };
		17A797B91C82C0E6008FE2B1 /* Lato-MediumItalic.ttf in Resources */ = {isa = PBXBuildFile; fileRef = 17A797A71C82C0E6008FE2B1 /* Lato-MediumItalic.ttf */; };
		17A797BA1C82C0E6008FE2B1 /* Lato-Regular.ttf in Resources */ = {isa = PBXBuildFile; fileRef = 17A797A81C82C0E6008FE2B1 /* Lato-Regular.ttf */; };
		17A797BB1C82C0E6008FE2B1 /* Lato-Semibold.ttf in Resources */ = {isa = PBXBuildFile; fileRef = 17A797A91C82C0E6008FE2B1 /* Lato-Semibold.ttf */; };
		17A797BC1C82C0E6008FE2B1 /* Lato-SemiboldItalic.ttf in Resources */ = {isa = PBXBuildFile; fileRef = 17A797AA1C82C0E6008FE2B1 /* Lato-SemiboldItalic.ttf */; };
		17A797BD1C82C0E6008FE2B1 /* Lato-Thin.ttf in Resources */ = {isa = PBXBuildFile; fileRef = 17A797AB1C82C0E6008FE2B1 /* Lato-Thin.ttf */; };
		17A797BE1C82C0E6008FE2B1 /* Lato-ThinItalic.ttf in Resources */ = {isa = PBXBuildFile; fileRef = 17A797AC1C82C0E6008FE2B1 /* Lato-ThinItalic.ttf */; };
		17A797C01C82C919008FE2B1 /* CollectionViewCell.swift in Sources */ = {isa = PBXBuildFile; fileRef = 17A797BF1C82C919008FE2B1 /* CollectionViewCell.swift */; };
		17A797DC1C82E74E008FE2B1 /* detailViewController.swift in Sources */ = {isa = PBXBuildFile; fileRef = 17A797DB1C82E74E008FE2B1 /* detailViewController.swift */; };
		17A797DE1C830582008FE2B1 /* settingsTableViewController.swift in Sources */ = {isa = PBXBuildFile; fileRef = 17A797DD1C830582008FE2B1 /* settingsTableViewController.swift */; };
		17BF36B81C83330D0074974E /* notificationTableViewController.swift in Sources */ = {isa = PBXBuildFile; fileRef = 17BF36B71C83330D0074974E /* notificationTableViewController.swift */; };
		300CDC681C82126B00554089 /* LoginViewController.swift in Sources */ = {isa = PBXBuildFile; fileRef = 300CDC671C82126B00554089 /* LoginViewController.swift */; };
		300CDC6A1C82342D00554089 /* CreateAccountViewController.swift in Sources */ = {isa = PBXBuildFile; fileRef = 300CDC691C82342D00554089 /* CreateAccountViewController.swift */; };
		300CDC6D1C82377100554089 /* pingTextField.swift in Sources */ = {isa = PBXBuildFile; fileRef = 300CDC6C1C82377100554089 /* pingTextField.swift */; };
		300CDC721C82483F00554089 /* createOrJoinHouseVCViewController.swift in Sources */ = {isa = PBXBuildFile; fileRef = 300CDC711C82483F00554089 /* createOrJoinHouseVCViewController.swift */; };
		300CDC741C825AFE00554089 /* createAHomeViewController.swift in Sources */ = {isa = PBXBuildFile; fileRef = 300CDC731C825AFE00554089 /* createAHomeViewController.swift */; };
		30E6DD7F1C82872A0009A36C /* JoinHomeViewController.swift in Sources */ = {isa = PBXBuildFile; fileRef = 30E6DD7E1C82872A0009A36C /* JoinHomeViewController.swift */; };
		30E6DD831C8294CF0009A36C /* homeTableViewCell.swift in Sources */ = {isa = PBXBuildFile; fileRef = 30E6DD821C8294CF0009A36C /* homeTableViewCell.swift */; };
		FA1AADB81C81B98000426B6E /* AppDelegate.swift in Sources */ = {isa = PBXBuildFile; fileRef = FA1AADB71C81B98000426B6E /* AppDelegate.swift */; };
		FA1AADBF1C81B98000426B6E /* Main.storyboard in Resources */ = {isa = PBXBuildFile; fileRef = FA1AADBD1C81B98000426B6E /* Main.storyboard */; };
		FA1AADC11C81B98000426B6E /* Assets.xcassets in Resources */ = {isa = PBXBuildFile; fileRef = FA1AADC01C81B98000426B6E /* Assets.xcassets */; };
		FA1AADC41C81B98000426B6E /* LaunchScreen.storyboard in Resources */ = {isa = PBXBuildFile; fileRef = FA1AADC21C81B98000426B6E /* LaunchScreen.storyboard */; };
		FA1AADCF1C81B98000426B6E /* p_ngTests.swift in Sources */ = {isa = PBXBuildFile; fileRef = FA1AADCE1C81B98000426B6E /* p_ngTests.swift */; };
		FA1AADDA1C81B98000426B6E /* p_ngUITests.swift in Sources */ = {isa = PBXBuildFile; fileRef = FA1AADD91C81B98000426B6E /* p_ngUITests.swift */; };
		FA1AADE81C81B9C100426B6E /* DataManager.swift in Sources */ = {isa = PBXBuildFile; fileRef = FA1AADE71C81B9C100426B6E /* DataManager.swift */; };
		FA1AADEB1C81C3EB00426B6E /* Bolts.framework in Frameworks */ = {isa = PBXBuildFile; fileRef = FA1AADE91C81C3EB00426B6E /* Bolts.framework */; };
		FA1AADEC1C81C3EB00426B6E /* Parse.framework in Frameworks */ = {isa = PBXBuildFile; fileRef = FA1AADEA1C81C3EB00426B6E /* Parse.framework */; };
		FA1AADEF1C81C43900426B6E /* AudioToolbox.framework in Frameworks */ = {isa = PBXBuildFile; fileRef = FA1AADEE1C81C43900426B6E /* AudioToolbox.framework */; };
		FA1AADF11C81C44600426B6E /* CoreGraphics.framework in Frameworks */ = {isa = PBXBuildFile; fileRef = FA1AADF01C81C44600426B6E /* CoreGraphics.framework */; };
		FA1AADF51C81C47F00426B6E /* CFNetwork.framework in Frameworks */ = {isa = PBXBuildFile; fileRef = FA1AADF41C81C47F00426B6E /* CFNetwork.framework */; };
		FA1AADF71C81C48800426B6E /* CoreLocation.framework in Frameworks */ = {isa = PBXBuildFile; fileRef = FA1AADF61C81C48800426B6E /* CoreLocation.framework */; };
		FA1AADF91C81C48F00426B6E /* QuartzCore.framework in Frameworks */ = {isa = PBXBuildFile; fileRef = FA1AADF81C81C48F00426B6E /* QuartzCore.framework */; };
		FA1AADFB1C81C49500426B6E /* Security.framework in Frameworks */ = {isa = PBXBuildFile; fileRef = FA1AADFA1C81C49500426B6E /* Security.framework */; };
		FA1AADFD1C81C49C00426B6E /* StoreKit.framework in Frameworks */ = {isa = PBXBuildFile; fileRef = FA1AADFC1C81C49C00426B6E /* StoreKit.framework */; };
		FA1AADFF1C81C4A400426B6E /* SystemConfiguration.framework in Frameworks */ = {isa = PBXBuildFile; fileRef = FA1AADFE1C81C4A400426B6E /* SystemConfiguration.framework */; };
		FA1AAE021C81CF1200426B6E /* libz.tbd in Frameworks */ = {isa = PBXBuildFile; fileRef = FA1AAE001C81C4AA00426B6E /* libz.tbd */; };
		FA1AAE031C81CF1A00426B6E /* libsqlite3.tbd in Frameworks */ = {isa = PBXBuildFile; fileRef = FA1AADF21C81C47300426B6E /* libsqlite3.tbd */; };
/* End PBXBuildFile section */

/* Begin PBXContainerItemProxy section */
		FA1AADCB1C81B98000426B6E /* PBXContainerItemProxy */ = {
			isa = PBXContainerItemProxy;
			containerPortal = FA1AADAC1C81B98000426B6E /* Project object */;
			proxyType = 1;
			remoteGlobalIDString = FA1AADB31C81B98000426B6E;
			remoteInfo = "p!ng";
		};
		FA1AADD61C81B98000426B6E /* PBXContainerItemProxy */ = {
			isa = PBXContainerItemProxy;
			containerPortal = FA1AADAC1C81B98000426B6E /* Project object */;
			proxyType = 1;
			remoteGlobalIDString = FA1AADB31C81B98000426B6E;
			remoteInfo = "p!ng";
		};
/* End PBXContainerItemProxy section */

/* Begin PBXFileReference section */
		0A5B0C1E1C81CC1C00C54FA5 /* libz.dylib */ = {isa = PBXFileReference; lastKnownFileType = "compiled.mach-o.dylib"; name = libz.dylib; path = usr/lib/libz.dylib; sourceTree = SDKROOT; };
		0A5B0C201C81CC3300C54FA5 /* libsqlite3.dylib */ = {isa = PBXFileReference; lastKnownFileType = "compiled.mach-o.dylib"; name = libsqlite3.dylib; path = usr/lib/libsqlite3.dylib; sourceTree = SDKROOT; };
		179B0A391C82BFAF00697494 /* HomeViewController.swift */ = {isa = PBXFileReference; fileEncoding = 4; lastKnownFileType = sourcecode.swift; name = HomeViewController.swift; path = ../HomeViewController.swift; sourceTree = "<group>"; };
		179B0A3B1C82BFCE00697494 /* SendViewController.swift */ = {isa = PBXFileReference; fileEncoding = 4; lastKnownFileType = sourcecode.swift; name = SendViewController.swift; path = ../SendViewController.swift; sourceTree = "<group>"; };
		17A7979B1C82C0E6008FE2B1 /* Lato-Black.ttf */ = {isa = PBXFileReference; lastKnownFileType = file; name = "Lato-Black.ttf"; path = "Fonts/Lato-Black.ttf"; sourceTree = "<group>"; };
		17A7979C1C82C0E6008FE2B1 /* Lato-BlackItalic.ttf */ = {isa = PBXFileReference; lastKnownFileType = file; name = "Lato-BlackItalic.ttf"; path = "Fonts/Lato-BlackItalic.ttf"; sourceTree = "<group>"; };
		17A7979D1C82C0E6008FE2B1 /* Lato-Bold.ttf */ = {isa = PBXFileReference; lastKnownFileType = file; name = "Lato-Bold.ttf"; path = "Fonts/Lato-Bold.ttf"; sourceTree = "<group>"; };
		17A7979E1C82C0E6008FE2B1 /* Lato-BoldItalic.ttf */ = {isa = PBXFileReference; lastKnownFileType = file; name = "Lato-BoldItalic.ttf"; path = "Fonts/Lato-BoldItalic.ttf"; sourceTree = "<group>"; };
		17A7979F1C82C0E6008FE2B1 /* Lato-Hairline.ttf */ = {isa = PBXFileReference; lastKnownFileType = file; name = "Lato-Hairline.ttf"; path = "Fonts/Lato-Hairline.ttf"; sourceTree = "<group>"; };
		17A797A01C82C0E6008FE2B1 /* Lato-HairlineItalic.ttf */ = {isa = PBXFileReference; lastKnownFileType = file; name = "Lato-HairlineItalic.ttf"; path = "Fonts/Lato-HairlineItalic.ttf"; sourceTree = "<group>"; };
		17A797A11C82C0E6008FE2B1 /* Lato-Heavy.ttf */ = {isa = PBXFileReference; lastKnownFileType = file; name = "Lato-Heavy.ttf"; path = "Fonts/Lato-Heavy.ttf"; sourceTree = "<group>"; };
		17A797A21C82C0E6008FE2B1 /* Lato-HeavyItalic.ttf */ = {isa = PBXFileReference; lastKnownFileType = file; name = "Lato-HeavyItalic.ttf"; path = "Fonts/Lato-HeavyItalic.ttf"; sourceTree = "<group>"; };
		17A797A31C82C0E6008FE2B1 /* Lato-Italic.ttf */ = {isa = PBXFileReference; lastKnownFileType = file; name = "Lato-Italic.ttf"; path = "Fonts/Lato-Italic.ttf"; sourceTree = "<group>"; };
		17A797A41C82C0E6008FE2B1 /* Lato-Light.ttf */ = {isa = PBXFileReference; lastKnownFileType = file; name = "Lato-Light.ttf"; path = "Fonts/Lato-Light.ttf"; sourceTree = "<group>"; };
		17A797A51C82C0E6008FE2B1 /* Lato-LightItalic.ttf */ = {isa = PBXFileReference; lastKnownFileType = file; name = "Lato-LightItalic.ttf"; path = "Fonts/Lato-LightItalic.ttf"; sourceTree = "<group>"; };
		17A797A61C82C0E6008FE2B1 /* Lato-Medium.ttf */ = {isa = PBXFileReference; lastKnownFileType = file; name = "Lato-Medium.ttf"; path = "Fonts/Lato-Medium.ttf"; sourceTree = "<group>"; };
		17A797A71C82C0E6008FE2B1 /* Lato-MediumItalic.ttf */ = {isa = PBXFileReference; lastKnownFileType = file; name = "Lato-MediumItalic.ttf"; path = "Fonts/Lato-MediumItalic.ttf"; sourceTree = "<group>"; };
		17A797A81C82C0E6008FE2B1 /* Lato-Regular.ttf */ = {isa = PBXFileReference; lastKnownFileType = file; name = "Lato-Regular.ttf"; path = "Fonts/Lato-Regular.ttf"; sourceTree = "<group>"; };
		17A797A91C82C0E6008FE2B1 /* Lato-Semibold.ttf */ = {isa = PBXFileReference; lastKnownFileType = file; name = "Lato-Semibold.ttf"; path = "Fonts/Lato-Semibold.ttf"; sourceTree = "<group>"; };
		17A797AA1C82C0E6008FE2B1 /* Lato-SemiboldItalic.ttf */ = {isa = PBXFileReference; lastKnownFileType = file; name = "Lato-SemiboldItalic.ttf"; path = "Fonts/Lato-SemiboldItalic.ttf"; sourceTree = "<group>"; };
		17A797AB1C82C0E6008FE2B1 /* Lato-Thin.ttf */ = {isa = PBXFileReference; lastKnownFileType = file; name = "Lato-Thin.ttf"; path = "Fonts/Lato-Thin.ttf"; sourceTree = "<group>"; };
		17A797AC1C82C0E6008FE2B1 /* Lato-ThinItalic.ttf */ = {isa = PBXFileReference; lastKnownFileType = file; name = "Lato-ThinItalic.ttf"; path = "Fonts/Lato-ThinItalic.ttf"; sourceTree = "<group>"; };
		17A797BF1C82C919008FE2B1 /* CollectionViewCell.swift */ = {isa = PBXFileReference; fileEncoding = 4; lastKnownFileType = sourcecode.swift; path = CollectionViewCell.swift; sourceTree = "<group>"; };
		17A797DB1C82E74E008FE2B1 /* detailViewController.swift */ = {isa = PBXFileReference; fileEncoding = 4; lastKnownFileType = sourcecode.swift; path = detailViewController.swift; sourceTree = "<group>"; };
		17A797DD1C830582008FE2B1 /* settingsTableViewController.swift */ = {isa = PBXFileReference; fileEncoding = 4; lastKnownFileType = sourcecode.swift; path = settingsTableViewController.swift; sourceTree = "<group>"; };
		17BF36B71C83330D0074974E /* notificationTableViewController.swift */ = {isa = PBXFileReference; fileEncoding = 4; lastKnownFileType = sourcecode.swift; path = notificationTableViewController.swift; sourceTree = "<group>"; };
		300CDC671C82126B00554089 /* LoginViewController.swift */ = {isa = PBXFileReference; fileEncoding = 4; lastKnownFileType = sourcecode.swift; path = LoginViewController.swift; sourceTree = "<group>"; };
		300CDC691C82342D00554089 /* CreateAccountViewController.swift */ = {isa = PBXFileReference; fileEncoding = 4; lastKnownFileType = sourcecode.swift; path = CreateAccountViewController.swift; sourceTree = "<group>"; };
		300CDC6C1C82377100554089 /* pingTextField.swift */ = {isa = PBXFileReference; fileEncoding = 4; lastKnownFileType = sourcecode.swift; path = pingTextField.swift; sourceTree = "<group>"; };
		300CDC711C82483F00554089 /* createOrJoinHouseVCViewController.swift */ = {isa = PBXFileReference; fileEncoding = 4; lastKnownFileType = sourcecode.swift; path = createOrJoinHouseVCViewController.swift; sourceTree = "<group>"; };
		300CDC731C825AFE00554089 /* createAHomeViewController.swift */ = {isa = PBXFileReference; fileEncoding = 4; lastKnownFileType = sourcecode.swift; path = createAHomeViewController.swift; sourceTree = "<group>"; };
		30E6DD7E1C82872A0009A36C /* JoinHomeViewController.swift */ = {isa = PBXFileReference; fileEncoding = 4; lastKnownFileType = sourcecode.swift; path = JoinHomeViewController.swift; sourceTree = "<group>"; };
		30E6DD821C8294CF0009A36C /* homeTableViewCell.swift */ = {isa = PBXFileReference; fileEncoding = 4; lastKnownFileType = sourcecode.swift; path = homeTableViewCell.swift; sourceTree = "<group>"; };
		FA1AADB41C81B98000426B6E /* p!ng.app */ = {isa = PBXFileReference; explicitFileType = wrapper.application; includeInIndex = 0; path = "p!ng.app"; sourceTree = BUILT_PRODUCTS_DIR; };
		FA1AADB71C81B98000426B6E /* AppDelegate.swift */ = {isa = PBXFileReference; lastKnownFileType = sourcecode.swift; path = AppDelegate.swift; sourceTree = "<group>"; };
		FA1AADBE1C81B98000426B6E /* Base */ = {isa = PBXFileReference; lastKnownFileType = file.storyboard; name = Base; path = Base.lproj/Main.storyboard; sourceTree = "<group>"; };
		FA1AADC01C81B98000426B6E /* Assets.xcassets */ = {isa = PBXFileReference; lastKnownFileType = folder.assetcatalog; path = Assets.xcassets; sourceTree = "<group>"; };
		FA1AADC31C81B98000426B6E /* Base */ = {isa = PBXFileReference; lastKnownFileType = file.storyboard; name = Base; path = Base.lproj/LaunchScreen.storyboard; sourceTree = "<group>"; };
		FA1AADC51C81B98000426B6E /* Info.plist */ = {isa = PBXFileReference; lastKnownFileType = text.plist.xml; path = Info.plist; sourceTree = "<group>"; };
		FA1AADCA1C81B98000426B6E /* p!ngTests.xctest */ = {isa = PBXFileReference; explicitFileType = wrapper.cfbundle; includeInIndex = 0; path = "p!ngTests.xctest"; sourceTree = BUILT_PRODUCTS_DIR; };
		FA1AADCE1C81B98000426B6E /* p_ngTests.swift */ = {isa = PBXFileReference; lastKnownFileType = sourcecode.swift; path = p_ngTests.swift; sourceTree = "<group>"; };
		FA1AADD01C81B98000426B6E /* Info.plist */ = {isa = PBXFileReference; lastKnownFileType = text.plist.xml; path = Info.plist; sourceTree = "<group>"; };
		FA1AADD51C81B98000426B6E /* p!ngUITests.xctest */ = {isa = PBXFileReference; explicitFileType = wrapper.cfbundle; includeInIndex = 0; path = "p!ngUITests.xctest"; sourceTree = BUILT_PRODUCTS_DIR; };
		FA1AADD91C81B98000426B6E /* p_ngUITests.swift */ = {isa = PBXFileReference; lastKnownFileType = sourcecode.swift; path = p_ngUITests.swift; sourceTree = "<group>"; };
		FA1AADDB1C81B98000426B6E /* Info.plist */ = {isa = PBXFileReference; lastKnownFileType = text.plist.xml; path = Info.plist; sourceTree = "<group>"; };
		FA1AADE71C81B9C100426B6E /* DataManager.swift */ = {isa = PBXFileReference; explicitFileType = sourcecode.swift; fileEncoding = 4; path = DataManager.swift; sourceTree = "<group>"; };
		FA1AADE91C81C3EB00426B6E /* Bolts.framework */ = {isa = PBXFileReference; lastKnownFileType = wrapper.framework; path = Bolts.framework; sourceTree = "<group>"; };
		FA1AADEA1C81C3EB00426B6E /* Parse.framework */ = {isa = PBXFileReference; lastKnownFileType = wrapper.framework; path = Parse.framework; sourceTree = "<group>"; };
		FA1AADEE1C81C43900426B6E /* AudioToolbox.framework */ = {isa = PBXFileReference; lastKnownFileType = wrapper.framework; name = AudioToolbox.framework; path = System/Library/Frameworks/AudioToolbox.framework; sourceTree = SDKROOT; };
		FA1AADF01C81C44600426B6E /* CoreGraphics.framework */ = {isa = PBXFileReference; lastKnownFileType = wrapper.framework; name = CoreGraphics.framework; path = System/Library/Frameworks/CoreGraphics.framework; sourceTree = SDKROOT; };
		FA1AADF21C81C47300426B6E /* libsqlite3.tbd */ = {isa = PBXFileReference; lastKnownFileType = "sourcecode.text-based-dylib-definition"; name = libsqlite3.tbd; path = usr/lib/libsqlite3.tbd; sourceTree = SDKROOT; };
		FA1AADF41C81C47F00426B6E /* CFNetwork.framework */ = {isa = PBXFileReference; lastKnownFileType = wrapper.framework; name = CFNetwork.framework; path = System/Library/Frameworks/CFNetwork.framework; sourceTree = SDKROOT; };
		FA1AADF61C81C48800426B6E /* CoreLocation.framework */ = {isa = PBXFileReference; lastKnownFileType = wrapper.framework; name = CoreLocation.framework; path = System/Library/Frameworks/CoreLocation.framework; sourceTree = SDKROOT; };
		FA1AADF81C81C48F00426B6E /* QuartzCore.framework */ = {isa = PBXFileReference; lastKnownFileType = wrapper.framework; name = QuartzCore.framework; path = System/Library/Frameworks/QuartzCore.framework; sourceTree = SDKROOT; };
		FA1AADFA1C81C49500426B6E /* Security.framework */ = {isa = PBXFileReference; lastKnownFileType = wrapper.framework; name = Security.framework; path = System/Library/Frameworks/Security.framework; sourceTree = SDKROOT; };
		FA1AADFC1C81C49C00426B6E /* StoreKit.framework */ = {isa = PBXFileReference; lastKnownFileType = wrapper.framework; name = StoreKit.framework; path = System/Library/Frameworks/StoreKit.framework; sourceTree = SDKROOT; };
		FA1AADFE1C81C4A400426B6E /* SystemConfiguration.framework */ = {isa = PBXFileReference; lastKnownFileType = wrapper.framework; name = SystemConfiguration.framework; path = System/Library/Frameworks/SystemConfiguration.framework; sourceTree = SDKROOT; };
		FA1AAE001C81C4AA00426B6E /* libz.tbd */ = {isa = PBXFileReference; lastKnownFileType = "sourcecode.text-based-dylib-definition"; name = libz.tbd; path = usr/lib/libz.tbd; sourceTree = SDKROOT; };
/* End PBXFileReference section */

/* Begin PBXFrameworksBuildPhase section */
		FA1AADB11C81B98000426B6E /* Frameworks */ = {
			isa = PBXFrameworksBuildPhase;
			buildActionMask = 2147483647;
			files = (
				FA1AAE031C81CF1A00426B6E /* libsqlite3.tbd in Frameworks */,
				FA1AAE021C81CF1200426B6E /* libz.tbd in Frameworks */,
				FA1AADFF1C81C4A400426B6E /* SystemConfiguration.framework in Frameworks */,
				FA1AADFD1C81C49C00426B6E /* StoreKit.framework in Frameworks */,
				FA1AADFB1C81C49500426B6E /* Security.framework in Frameworks */,
				FA1AADF71C81C48800426B6E /* CoreLocation.framework in Frameworks */,
				FA1AADF91C81C48F00426B6E /* QuartzCore.framework in Frameworks */,
				FA1AADF51C81C47F00426B6E /* CFNetwork.framework in Frameworks */,
				FA1AADF11C81C44600426B6E /* CoreGraphics.framework in Frameworks */,
				FA1AADEF1C81C43900426B6E /* AudioToolbox.framework in Frameworks */,
				FA1AADEC1C81C3EB00426B6E /* Parse.framework in Frameworks */,
				FA1AADEB1C81C3EB00426B6E /* Bolts.framework in Frameworks */,
			);
			runOnlyForDeploymentPostprocessing = 0;
		};
		FA1AADC71C81B98000426B6E /* Frameworks */ = {
			isa = PBXFrameworksBuildPhase;
			buildActionMask = 2147483647;
			files = (
			);
			runOnlyForDeploymentPostprocessing = 0;
		};
		FA1AADD21C81B98000426B6E /* Frameworks */ = {
			isa = PBXFrameworksBuildPhase;
			buildActionMask = 2147483647;
			files = (
			);
			runOnlyForDeploymentPostprocessing = 0;
		};
/* End PBXFrameworksBuildPhase section */

/* Begin PBXGroup section */
		300CDC621C820B8000554089 /* Resources */ = {
			isa = PBXGroup;
			children = (
				17A7979B1C82C0E6008FE2B1 /* Lato-Black.ttf */,
				17A7979C1C82C0E6008FE2B1 /* Lato-BlackItalic.ttf */,
				17A7979D1C82C0E6008FE2B1 /* Lato-Bold.ttf */,
				17A7979E1C82C0E6008FE2B1 /* Lato-BoldItalic.ttf */,
				17A7979F1C82C0E6008FE2B1 /* Lato-Hairline.ttf */,
				17A797A01C82C0E6008FE2B1 /* Lato-HairlineItalic.ttf */,
				17A797A11C82C0E6008FE2B1 /* Lato-Heavy.ttf */,
				17A797A21C82C0E6008FE2B1 /* Lato-HeavyItalic.ttf */,
				17A797A31C82C0E6008FE2B1 /* Lato-Italic.ttf */,
				17A797A41C82C0E6008FE2B1 /* Lato-Light.ttf */,
				17A797A51C82C0E6008FE2B1 /* Lato-LightItalic.ttf */,
				17A797A61C82C0E6008FE2B1 /* Lato-Medium.ttf */,
				17A797A71C82C0E6008FE2B1 /* Lato-MediumItalic.ttf */,
				17A797A81C82C0E6008FE2B1 /* Lato-Regular.ttf */,
				17A797A91C82C0E6008FE2B1 /* Lato-Semibold.ttf */,
				17A797AA1C82C0E6008FE2B1 /* Lato-SemiboldItalic.ttf */,
				17A797AB1C82C0E6008FE2B1 /* Lato-Thin.ttf */,
				17A797AC1C82C0E6008FE2B1 /* Lato-ThinItalic.ttf */,
			);
			name = Resources;
			sourceTree = "<group>";
		};
		300CDC6B1C82344C00554089 /* setUpViewControllers */ = {
			isa = PBXGroup;
			children = (
				300CDC671C82126B00554089 /* LoginViewController.swift */,
				300CDC691C82342D00554089 /* CreateAccountViewController.swift */,
				300CDC711C82483F00554089 /* createOrJoinHouseVCViewController.swift */,
				300CDC731C825AFE00554089 /* createAHomeViewController.swift */,
				30E6DD7E1C82872A0009A36C /* JoinHomeViewController.swift */,
			);
			name = setUpViewControllers;
			sourceTree = "<group>";
		};
		FA1AADAB1C81B98000426B6E = {
			isa = PBXGroup;
			children = (
				FA1AADB61C81B98000426B6E /* p!ng */,
				FA1AADCD1C81B98000426B6E /* p!ngTests */,
				FA1AADD81C81B98000426B6E /* p!ngUITests */,
				FA1AADB51C81B98000426B6E /* Products */,
				FA1AADED1C81C40000426B6E /* Frameworks */,
			);
			sourceTree = "<group>";
		};
		FA1AADB51C81B98000426B6E /* Products */ = {
			isa = PBXGroup;
			children = (
				FA1AADB41C81B98000426B6E /* p!ng.app */,
				FA1AADCA1C81B98000426B6E /* p!ngTests.xctest */,
				FA1AADD51C81B98000426B6E /* p!ngUITests.xctest */,
			);
			name = Products;
			sourceTree = "<group>";
		};
		FA1AADB61C81B98000426B6E /* p!ng */ = {
			isa = PBXGroup;
			children = (
				300CDC621C820B8000554089 /* Resources */,
				FA1AADB71C81B98000426B6E /* AppDelegate.swift */,
				FA1AADE71C81B9C100426B6E /* DataManager.swift */,
				300CDC6B1C82344C00554089 /* setUpViewControllers */,
				30E6DD821C8294CF0009A36C /* homeTableViewCell.swift */,
				300CDC6C1C82377100554089 /* pingTextField.swift */,
				17A797BF1C82C919008FE2B1 /* CollectionViewCell.swift */,
				179B0A391C82BFAF00697494 /* HomeViewController.swift */,
				179B0A3B1C82BFCE00697494 /* SendViewController.swift */,
				17A797DB1C82E74E008FE2B1 /* detailViewController.swift */,
				17A797DD1C830582008FE2B1 /* settingsTableViewController.swift */,
				FA1AADBD1C81B98000426B6E /* Main.storyboard */,
				17BF36B71C83330D0074974E /* notificationTableViewController.swift */,
				FA1AADC21C81B98000426B6E /* LaunchScreen.storyboard */,
				FA1AADC01C81B98000426B6E /* Assets.xcassets */,
				FA1AADC51C81B98000426B6E /* Info.plist */,
			);
			path = "p!ng";
			sourceTree = "<group>";
		};
		FA1AADCD1C81B98000426B6E /* p!ngTests */ = {
			isa = PBXGroup;
			children = (
				FA1AADCE1C81B98000426B6E /* p_ngTests.swift */,
				FA1AADD01C81B98000426B6E /* Info.plist */,
			);
			path = "p!ngTests";
			sourceTree = "<group>";
		};
		FA1AADD81C81B98000426B6E /* p!ngUITests */ = {
			isa = PBXGroup;
			children = (
				FA1AADD91C81B98000426B6E /* p_ngUITests.swift */,
				FA1AADDB1C81B98000426B6E /* Info.plist */,
			);
			path = "p!ngUITests";
			sourceTree = "<group>";
		};
		FA1AADED1C81C40000426B6E /* Frameworks */ = {
			isa = PBXGroup;
			children = (
				0A5B0C201C81CC3300C54FA5 /* libsqlite3.dylib */,
				0A5B0C1E1C81CC1C00C54FA5 /* libz.dylib */,
				FA1AAE001C81C4AA00426B6E /* libz.tbd */,
				FA1AADFE1C81C4A400426B6E /* SystemConfiguration.framework */,
				FA1AADFC1C81C49C00426B6E /* StoreKit.framework */,
				FA1AADFA1C81C49500426B6E /* Security.framework */,
				FA1AADF81C81C48F00426B6E /* QuartzCore.framework */,
				FA1AADF61C81C48800426B6E /* CoreLocation.framework */,
				FA1AADF41C81C47F00426B6E /* CFNetwork.framework */,
				FA1AADF21C81C47300426B6E /* libsqlite3.tbd */,
				FA1AADF01C81C44600426B6E /* CoreGraphics.framework */,
				FA1AADEE1C81C43900426B6E /* AudioToolbox.framework */,
				FA1AADE91C81C3EB00426B6E /* Bolts.framework */,
				FA1AADEA1C81C3EB00426B6E /* Parse.framework */,
			);
			name = Frameworks;
			sourceTree = "<group>";
		};
/* End PBXGroup section */

/* Begin PBXNativeTarget section */
		FA1AADB31C81B98000426B6E /* p!ng */ = {
			isa = PBXNativeTarget;
			buildConfigurationList = FA1AADDE1C81B98000426B6E /* Build configuration list for PBXNativeTarget "p!ng" */;
			buildPhases = (
				FA1AADB01C81B98000426B6E /* Sources */,
				FA1AADB11C81B98000426B6E /* Frameworks */,
				FA1AADB21C81B98000426B6E /* Resources */,
			);
			buildRules = (
			);
			dependencies = (
			);
			name = "p!ng";
			productName = "p!ng";
			productReference = FA1AADB41C81B98000426B6E /* p!ng.app */;
			productType = "com.apple.product-type.application";
		};
		FA1AADC91C81B98000426B6E /* p!ngTests */ = {
			isa = PBXNativeTarget;
			buildConfigurationList = FA1AADE11C81B98000426B6E /* Build configuration list for PBXNativeTarget "p!ngTests" */;
			buildPhases = (
				FA1AADC61C81B98000426B6E /* Sources */,
				FA1AADC71C81B98000426B6E /* Frameworks */,
				FA1AADC81C81B98000426B6E /* Resources */,
			);
			buildRules = (
			);
			dependencies = (
				FA1AADCC1C81B98000426B6E /* PBXTargetDependency */,
			);
			name = "p!ngTests";
			productName = "p!ngTests";
			productReference = FA1AADCA1C81B98000426B6E /* p!ngTests.xctest */;
			productType = "com.apple.product-type.bundle.unit-test";
		};
		FA1AADD41C81B98000426B6E /* p!ngUITests */ = {
			isa = PBXNativeTarget;
			buildConfigurationList = FA1AADE41C81B98000426B6E /* Build configuration list for PBXNativeTarget "p!ngUITests" */;
			buildPhases = (
				FA1AADD11C81B98000426B6E /* Sources */,
				FA1AADD21C81B98000426B6E /* Frameworks */,
				FA1AADD31C81B98000426B6E /* Resources */,
			);
			buildRules = (
			);
			dependencies = (
				FA1AADD71C81B98000426B6E /* PBXTargetDependency */,
			);
			name = "p!ngUITests";
			productName = "p!ngUITests";
			productReference = FA1AADD51C81B98000426B6E /* p!ngUITests.xctest */;
			productType = "com.apple.product-type.bundle.ui-testing";
		};
/* End PBXNativeTarget section */

/* Begin PBXProject section */
		FA1AADAC1C81B98000426B6E /* Project object */ = {
			isa = PBXProject;
			attributes = {
				LastSwiftUpdateCheck = 0720;
				LastUpgradeCheck = 0720;
				ORGANIZATIONNAME = yakk;
				TargetAttributes = {
					FA1AADB31C81B98000426B6E = {
						CreatedOnToolsVersion = 7.2.1;
						DevelopmentTeam = K55L8FQZP5;
					};
					FA1AADC91C81B98000426B6E = {
						CreatedOnToolsVersion = 7.2.1;
						DevelopmentTeam = K55L8FQZP5;
						TestTargetID = FA1AADB31C81B98000426B6E;
					};
					FA1AADD41C81B98000426B6E = {
						CreatedOnToolsVersion = 7.2.1;
						DevelopmentTeam = K55L8FQZP5;
						TestTargetID = FA1AADB31C81B98000426B6E;
					};
				};
			};
			buildConfigurationList = FA1AADAF1C81B98000426B6E /* Build configuration list for PBXProject "p!ng" */;
			compatibilityVersion = "Xcode 3.2";
			developmentRegion = English;
			hasScannedForEncodings = 0;
			knownRegions = (
				en,
				Base,
			);
			mainGroup = FA1AADAB1C81B98000426B6E;
			productRefGroup = FA1AADB51C81B98000426B6E /* Products */;
			projectDirPath = "";
			projectRoot = "";
			targets = (
				FA1AADB31C81B98000426B6E /* p!ng */,
				FA1AADC91C81B98000426B6E /* p!ngTests */,
				FA1AADD41C81B98000426B6E /* p!ngUITests */,
			);
		};
/* End PBXProject section */

/* Begin PBXResourcesBuildPhase section */
		FA1AADB21C81B98000426B6E /* Resources */ = {
			isa = PBXResourcesBuildPhase;
			buildActionMask = 2147483647;
			files = (
				17A797B31C82C0E6008FE2B1 /* Lato-Heavy.ttf in Resources */,
				17A797BE1C82C0E6008FE2B1 /* Lato-ThinItalic.ttf in Resources */,
				17A797B61C82C0E6008FE2B1 /* Lato-Light.ttf in Resources */,
				17A797AD1C82C0E6008FE2B1 /* Lato-Black.ttf in Resources */,
				17A797AF1C82C0E6008FE2B1 /* Lato-Bold.ttf in Resources */,
				FA1AADC41C81B98000426B6E /* LaunchScreen.storyboard in Resources */,
				17A797B91C82C0E6008FE2B1 /* Lato-MediumItalic.ttf in Resources */,
				17A797BC1C82C0E6008FE2B1 /* Lato-SemiboldItalic.ttf in Resources */,
				17A797AE1C82C0E6008FE2B1 /* Lato-BlackItalic.ttf in Resources */,
				17A797B41C82C0E6008FE2B1 /* Lato-HeavyItalic.ttf in Resources */,
				FA1AADC11C81B98000426B6E /* Assets.xcassets in Resources */,
				17A797B21C82C0E6008FE2B1 /* Lato-HairlineItalic.ttf in Resources */,
				17A797B01C82C0E6008FE2B1 /* Lato-BoldItalic.ttf in Resources */,
				17A797BB1C82C0E6008FE2B1 /* Lato-Semibold.ttf in Resources */,
				17A797B81C82C0E6008FE2B1 /* Lato-Medium.ttf in Resources */,
				17A797B11C82C0E6008FE2B1 /* Lato-Hairline.ttf in Resources */,
				17A797B51C82C0E6008FE2B1 /* Lato-Italic.ttf in Resources */,
				FA1AADBF1C81B98000426B6E /* Main.storyboard in Resources */,
				17A797BD1C82C0E6008FE2B1 /* Lato-Thin.ttf in Resources */,
				17A797B71C82C0E6008FE2B1 /* Lato-LightItalic.ttf in Resources */,
				17A797BA1C82C0E6008FE2B1 /* Lato-Regular.ttf in Resources */,
			);
			runOnlyForDeploymentPostprocessing = 0;
		};
		FA1AADC81C81B98000426B6E /* Resources */ = {
			isa = PBXResourcesBuildPhase;
			buildActionMask = 2147483647;
			files = (
			);
			runOnlyForDeploymentPostprocessing = 0;
		};
		FA1AADD31C81B98000426B6E /* Resources */ = {
			isa = PBXResourcesBuildPhase;
			buildActionMask = 2147483647;
			files = (
			);
			runOnlyForDeploymentPostprocessing = 0;
		};
/* End PBXResourcesBuildPhase section */

/* Begin PBXSourcesBuildPhase section */
		FA1AADB01C81B98000426B6E /* Sources */ = {
			isa = PBXSourcesBuildPhase;
			buildActionMask = 2147483647;
			files = (
				300CDC6D1C82377100554089 /* pingTextField.swift in Sources */,
				300CDC6A1C82342D00554089 /* CreateAccountViewController.swift in Sources */,
				300CDC681C82126B00554089 /* LoginViewController.swift in Sources */,
				300CDC721C82483F00554089 /* createOrJoinHouseVCViewController.swift in Sources */,
				30E6DD7F1C82872A0009A36C /* JoinHomeViewController.swift in Sources */,
				17A797DC1C82E74E008FE2B1 /* detailViewController.swift in Sources */,
				17A797DE1C830582008FE2B1 /* settingsTableViewController.swift in Sources */,
				179B0A3A1C82BFAF00697494 /* HomeViewController.swift in Sources */,
				300CDC741C825AFE00554089 /* createAHomeViewController.swift in Sources */,
				30E6DD831C8294CF0009A36C /* homeTableViewCell.swift in Sources */,
				17A797C01C82C919008FE2B1 /* CollectionViewCell.swift in Sources */,
				179B0A3C1C82BFCE00697494 /* SendViewController.swift in Sources */,
				FA1AADE81C81B9C100426B6E /* DataManager.swift in Sources */,
				FA1AADB81C81B98000426B6E /* AppDelegate.swift in Sources */,
				17BF36B81C83330D0074974E /* notificationTableViewController.swift in Sources */,
			);
			runOnlyForDeploymentPostprocessing = 0;
		};
		FA1AADC61C81B98000426B6E /* Sources */ = {
			isa = PBXSourcesBuildPhase;
			buildActionMask = 2147483647;
			files = (
				FA1AADCF1C81B98000426B6E /* p_ngTests.swift in Sources */,
			);
			runOnlyForDeploymentPostprocessing = 0;
		};
		FA1AADD11C81B98000426B6E /* Sources */ = {
			isa = PBXSourcesBuildPhase;
			buildActionMask = 2147483647;
			files = (
				FA1AADDA1C81B98000426B6E /* p_ngUITests.swift in Sources */,
			);
			runOnlyForDeploymentPostprocessing = 0;
		};
/* End PBXSourcesBuildPhase section */

/* Begin PBXTargetDependency section */
		FA1AADCC1C81B98000426B6E /* PBXTargetDependency */ = {
			isa = PBXTargetDependency;
			target = FA1AADB31C81B98000426B6E /* p!ng */;
			targetProxy = FA1AADCB1C81B98000426B6E /* PBXContainerItemProxy */;
		};
		FA1AADD71C81B98000426B6E /* PBXTargetDependency */ = {
			isa = PBXTargetDependency;
			target = FA1AADB31C81B98000426B6E /* p!ng */;
			targetProxy = FA1AADD61C81B98000426B6E /* PBXContainerItemProxy */;
		};
/* End PBXTargetDependency section */

/* Begin PBXVariantGroup section */
		FA1AADBD1C81B98000426B6E /* Main.storyboard */ = {
			isa = PBXVariantGroup;
			children = (
				FA1AADBE1C81B98000426B6E /* Base */,
			);
			name = Main.storyboard;
			sourceTree = "<group>";
		};
		FA1AADC21C81B98000426B6E /* LaunchScreen.storyboard */ = {
			isa = PBXVariantGroup;
			children = (
				FA1AADC31C81B98000426B6E /* Base */,
			);
			name = LaunchScreen.storyboard;
			sourceTree = "<group>";
		};
/* End PBXVariantGroup section */

/* Begin XCBuildConfiguration section */
		FA1AADDC1C81B98000426B6E /* Debug */ = {
			isa = XCBuildConfiguration;
			buildSettings = {
				ALWAYS_SEARCH_USER_PATHS = NO;
				CLANG_CXX_LANGUAGE_STANDARD = "gnu++0x";
				CLANG_CXX_LIBRARY = "libc++";
				CLANG_ENABLE_MODULES = YES;
				CLANG_ENABLE_OBJC_ARC = YES;
				CLANG_WARN_BOOL_CONVERSION = YES;
				CLANG_WARN_CONSTANT_CONVERSION = YES;
				CLANG_WARN_DIRECT_OBJC_ISA_USAGE = YES_ERROR;
				CLANG_WARN_EMPTY_BODY = YES;
				CLANG_WARN_ENUM_CONVERSION = YES;
				CLANG_WARN_INT_CONVERSION = YES;
				CLANG_WARN_OBJC_ROOT_CLASS = YES_ERROR;
				CLANG_WARN_UNREACHABLE_CODE = YES;
				CLANG_WARN__DUPLICATE_METHOD_MATCH = YES;
				"CODE_SIGN_IDENTITY[sdk=iphoneos*]" = "iPhone Developer";
				COPY_PHASE_STRIP = NO;
				DEBUG_INFORMATION_FORMAT = dwarf;
				ENABLE_STRICT_OBJC_MSGSEND = YES;
				ENABLE_TESTABILITY = YES;
				GCC_C_LANGUAGE_STANDARD = gnu99;
				GCC_DYNAMIC_NO_PIC = NO;
				GCC_NO_COMMON_BLOCKS = YES;
				GCC_OPTIMIZATION_LEVEL = 0;
				GCC_PREPROCESSOR_DEFINITIONS = (
					"DEBUG=1",
					"$(inherited)",
				);
				GCC_WARN_64_TO_32_BIT_CONVERSION = YES;
				GCC_WARN_ABOUT_RETURN_TYPE = YES_ERROR;
				GCC_WARN_UNDECLARED_SELECTOR = YES;
				GCC_WARN_UNINITIALIZED_AUTOS = YES_AGGRESSIVE;
				GCC_WARN_UNUSED_FUNCTION = YES;
				GCC_WARN_UNUSED_VARIABLE = YES;
				IPHONEOS_DEPLOYMENT_TARGET = 9.2;
				MTL_ENABLE_DEBUG_INFO = YES;
				ONLY_ACTIVE_ARCH = YES;
				SDKROOT = iphoneos;
				SWIFT_OPTIMIZATION_LEVEL = "-Onone";
			};
			name = Debug;
		};
		FA1AADDD1C81B98000426B6E /* Release */ = {
			isa = XCBuildConfiguration;
			buildSettings = {
				ALWAYS_SEARCH_USER_PATHS = NO;
				CLANG_CXX_LANGUAGE_STANDARD = "gnu++0x";
				CLANG_CXX_LIBRARY = "libc++";
				CLANG_ENABLE_MODULES = YES;
				CLANG_ENABLE_OBJC_ARC = YES;
				CLANG_WARN_BOOL_CONVERSION = YES;
				CLANG_WARN_CONSTANT_CONVERSION = YES;
				CLANG_WARN_DIRECT_OBJC_ISA_USAGE = YES_ERROR;
				CLANG_WARN_EMPTY_BODY = YES;
				CLANG_WARN_ENUM_CONVERSION = YES;
				CLANG_WARN_INT_CONVERSION = YES;
				CLANG_WARN_OBJC_ROOT_CLASS = YES_ERROR;
				CLANG_WARN_UNREACHABLE_CODE = YES;
				CLANG_WARN__DUPLICATE_METHOD_MATCH = YES;
				"CODE_SIGN_IDENTITY[sdk=iphoneos*]" = "iPhone Developer";
				COPY_PHASE_STRIP = NO;
				DEBUG_INFORMATION_FORMAT = "dwarf-with-dsym";
				ENABLE_NS_ASSERTIONS = NO;
				ENABLE_STRICT_OBJC_MSGSEND = YES;
				GCC_C_LANGUAGE_STANDARD = gnu99;
				GCC_NO_COMMON_BLOCKS = YES;
				GCC_WARN_64_TO_32_BIT_CONVERSION = YES;
				GCC_WARN_ABOUT_RETURN_TYPE = YES_ERROR;
				GCC_WARN_UNDECLARED_SELECTOR = YES;
				GCC_WARN_UNINITIALIZED_AUTOS = YES_AGGRESSIVE;
				GCC_WARN_UNUSED_FUNCTION = YES;
				GCC_WARN_UNUSED_VARIABLE = YES;
				IPHONEOS_DEPLOYMENT_TARGET = 9.2;
				MTL_ENABLE_DEBUG_INFO = NO;
				SDKROOT = iphoneos;
				VALIDATE_PRODUCT = YES;
			};
			name = Release;
		};
		FA1AADDF1C81B98000426B6E /* Debug */ = {
			isa = XCBuildConfiguration;
			buildSettings = {
				ASSETCATALOG_COMPILER_APPICON_NAME = AppIcon;
				CODE_SIGN_IDENTITY = "iPhone Developer";
				FRAMEWORK_SEARCH_PATHS = (
					"$(inherited)",
					"$(PROJECT_DIR)",
				);
				INFOPLIST_FILE = "p!ng/Info.plist";
				LD_RUNPATH_SEARCH_PATHS = "$(inherited) @executable_path/Frameworks";
				PRODUCT_BUNDLE_IDENTIFIER = "yakk.p-ng";
				PRODUCT_NAME = "$(TARGET_NAME)";
			};
			name = Debug;
		};
		FA1AADE01C81B98000426B6E /* Release */ = {
			isa = XCBuildConfiguration;
			buildSettings = {
				ASSETCATALOG_COMPILER_APPICON_NAME = AppIcon;
				CODE_SIGN_IDENTITY = "iPhone Developer";
				FRAMEWORK_SEARCH_PATHS = (
					"$(inherited)",
					"$(PROJECT_DIR)",
				);
				INFOPLIST_FILE = "p!ng/Info.plist";
				LD_RUNPATH_SEARCH_PATHS = "$(inherited) @executable_path/Frameworks";
				PRODUCT_BUNDLE_IDENTIFIER = "yakk.p-ng";
				PRODUCT_NAME = "$(TARGET_NAME)";
			};
			name = Release;
		};
		FA1AADE21C81B98000426B6E /* Debug */ = {
			isa = XCBuildConfiguration;
			buildSettings = {
				BUNDLE_LOADER = "$(TEST_HOST)";
				INFOPLIST_FILE = "p!ngTests/Info.plist";
				LD_RUNPATH_SEARCH_PATHS = "$(inherited) @executable_path/Frameworks @loader_path/Frameworks";
				PRODUCT_BUNDLE_IDENTIFIER = "yakk.p-ngTests";
				PRODUCT_NAME = "$(TARGET_NAME)";
				TEST_HOST = "$(BUILT_PRODUCTS_DIR)/p!ng.app/p!ng";
			};
			name = Debug;
		};
		FA1AADE31C81B98000426B6E /* Release */ = {
			isa = XCBuildConfiguration;
			buildSettings = {
				BUNDLE_LOADER = "$(TEST_HOST)";
				INFOPLIST_FILE = "p!ngTests/Info.plist";
				LD_RUNPATH_SEARCH_PATHS = "$(inherited) @executable_path/Frameworks @loader_path/Frameworks";
				PRODUCT_BUNDLE_IDENTIFIER = "yakk.p-ngTests";
				PRODUCT_NAME = "$(TARGET_NAME)";
				TEST_HOST = "$(BUILT_PRODUCTS_DIR)/p!ng.app/p!ng";
			};
			name = Release;
		};
		FA1AADE51C81B98000426B6E /* Debug */ = {
			isa = XCBuildConfiguration;
			buildSettings = {
				INFOPLIST_FILE = "p!ngUITests/Info.plist";
				LD_RUNPATH_SEARCH_PATHS = "$(inherited) @executable_path/Frameworks @loader_path/Frameworks";
				PRODUCT_BUNDLE_IDENTIFIER = "yakk.p-ngUITests";
				PRODUCT_NAME = "$(TARGET_NAME)";
				TEST_TARGET_NAME = "p!ng";
				USES_XCTRUNNER = YES;
			};
			name = Debug;
		};
		FA1AADE61C81B98000426B6E /* Release */ = {
			isa = XCBuildConfiguration;
			buildSettings = {
				INFOPLIST_FILE = "p!ngUITests/Info.plist";
				LD_RUNPATH_SEARCH_PATHS = "$(inherited) @executable_path/Frameworks @loader_path/Frameworks";
				PRODUCT_BUNDLE_IDENTIFIER = "yakk.p-ngUITests";
				PRODUCT_NAME = "$(TARGET_NAME)";
				TEST_TARGET_NAME = "p!ng";
				USES_XCTRUNNER = YES;
			};
			name = Release;
		};
/* End XCBuildConfiguration section */

/* Begin XCConfigurationList section */
		FA1AADAF1C81B98000426B6E /* Build configuration list for PBXProject "p!ng" */ = {
			isa = XCConfigurationList;
			buildConfigurations = (
				FA1AADDC1C81B98000426B6E /* Debug */,
				FA1AADDD1C81B98000426B6E /* Release */,
			);
			defaultConfigurationIsVisible = 0;
			defaultConfigurationName = Release;
		};
		FA1AADDE1C81B98000426B6E /* Build configuration list for PBXNativeTarget "p!ng" */ = {
			isa = XCConfigurationList;
			buildConfigurations = (
				FA1AADDF1C81B98000426B6E /* Debug */,
				FA1AADE01C81B98000426B6E /* Release */,
			);
			defaultConfigurationIsVisible = 0;
			defaultConfigurationName = Release;
		};
		FA1AADE11C81B98000426B6E /* Build configuration list for PBXNativeTarget "p!ngTests" */ = {
			isa = XCConfigurationList;
			buildConfigurations = (
				FA1AADE21C81B98000426B6E /* Debug */,
				FA1AADE31C81B98000426B6E /* Release */,
			);
			defaultConfigurationIsVisible = 0;
			defaultConfigurationName = Release;
		};
		FA1AADE41C81B98000426B6E /* Build configuration list for PBXNativeTarget "p!ngUITests" */ = {
			isa = XCConfigurationList;
			buildConfigurations = (
				FA1AADE51C81B98000426B6E /* Debug */,
				FA1AADE61C81B98000426B6E /* Release */,
			);
			defaultConfigurationIsVisible = 0;
			defaultConfigurationName = Release;
		};
/* End XCConfigurationList section */
	};
	rootObject = FA1AADAC1C81B98000426B6E /* Project object */;
}
